
Microsoft Visual Studio Solution File, Format Version 12.00
# Visual Studio Version 16
VisualStudioVersion = 16.0.30907.101
MinimumVisualStudioVersion = 10.0.40219.1
Project("{9A19103F-16F7-4668-BE54-9A1E7A4F7556}") = "Presentation", "Presentation\Presentation.csproj", "{1EDC3F65-90B8-45D4-B470-5EFF798C21C5}"
EndProject
Project("{9A19103F-16F7-4668-BE54-9A1E7A4F7556}") = "BusinessLogic", "BusinessLogic\BusinessLogic.csproj", "{FC6EB1BF-0F54-4399-92F8-C2FB6CF78156}"
EndProject
Project("{FAE04EC0-301F-11D3-BF4B-00C04F79EFBC}") = "SeeCodeChallenge.Test", "SeeCodeChallenge.Test\SeeCodeChallenge.Test.csproj", "{1518077B-9502-4FDE-A48F-72564A258B98}"
EndProject
Global
	GlobalSection(SolutionConfigurationPlatforms) = preSolution
		Debug|Any CPU = Debug|Any CPU
		Release|Any CPU = Release|Any CPU
	EndGlobalSection
	GlobalSection(ProjectConfigurationPlatforms) = postSolution
		{1EDC3F65-90B8-45D4-B470-5EFF798C21C5}.Debug|Any CPU.ActiveCfg = Debug|Any CPU
		{1EDC3F65-90B8-45D4-B470-5EFF798C21C5}.Debug|Any CPU.Build.0 = Debug|Any CPU
		{1EDC3F65-90B8-45D4-B470-5EFF798C21C5}.Release|Any CPU.ActiveCfg = Release|Any CPU
		{1EDC3F65-90B8-45D4-B470-5EFF798C21C5}.Release|Any CPU.Build.0 = Release|Any CPU
		{FC6EB1BF-0F54-4399-92F8-C2FB6CF78156}.Debug|Any CPU.ActiveCfg = Debug|Any CPU
		{FC6EB1BF-0F54-4399-92F8-C2FB6CF78156}.Debug|Any CPU.Build.0 = Debug|Any CPU
		{FC6EB1BF-0F54-4399-92F8-C2FB6CF78156}.Release|Any CPU.ActiveCfg = Release|Any CPU
		{FC6EB1BF-0F54-4399-92F8-C2FB6CF78156}.Release|Any CPU.Build.0 = Release|Any CPU
		{1518077B-9502-4FDE-A48F-72564A258B98}.Debug|Any CPU.ActiveCfg = Debug|Any CPU
		{1518077B-9502-4FDE-A48F-72564A258B98}.Debug|Any CPU.Build.0 = Debug|Any CPU
		{1518077B-9502-4FDE-A48F-72564A258B98}.Release|Any CPU.ActiveCfg = Release|Any CPU
		{1518077B-9502-4FDE-A48F-72564A258B98}.Release|Any CPU.Build.0 = Release|Any CPU
	EndGlobalSection
	GlobalSection(SolutionProperties) = preSolution
		HideSolutionNode = FALSE
	EndGlobalSection
	GlobalSection(ExtensibilityGlobals) = postSolution
		SolutionGuid = {4E111059-5A41-47A5-81FE-D6ED406FF0E3}
	EndGlobalSection
EndGlobal
